{
  "name": "retroznak-land3",
  "version": "1.0.0",
  "lockfileVersion": 3,
  "requires": true,
  "packages": {
    "": {
      "name": "retroznak-land3",
      "version": "1.0.0",
      "license": "ISC",
      "dependencies": {
        "daisyui": "^5.1.23",
        "tailwindcss": "^4.1.13"
      }
    },
    "node_modules/daisyui": {
      "version": "5.1.23",
      "resolved": "https://registry.npmjs.org/daisyui/-/daisyui-5.1.23.tgz",
      "integrity": "sha512-HgxmDidqO0FrcrkMVRz7KYwQi+eoZarMVud2kx5cGhTmTlaJPne/gbsSEn4/vM1svbp40ENCMjJsbBldCXhrOA==",
      "license": "MIT",
      "funding": {
        "url": "https://github.com/saadeghi/daisyui?sponsor=1"
      }
    },
    "node_modules/tailwindcss": {
      "version": "4.1.13",
      "resolved": "https://registry.npmjs.org/tailwindcss/-/tailwindcss-4.1.13.tgz",
      "integrity": "sha512-i+zidfmTqtwquj4hMEwdjshYYgMbOrPzb9a0M3ZgNa0JMoZeFC6bxZvO8yr8ozS6ix2SDz0+mvryPeBs2TFE+w==",
      "license": "MIT"
    }
  }
}
